
Microsoft Visual Studio Solution File, Format Version 12.00
# Visual Studio Version 16
VisualStudioVersion = 16.0.31729.503
MinimumVisualStudioVersion = 10.0.40219.1
Project("{FAE04EC0-301F-11D3-BF4B-00C04F79EFBC}") = "Exercicios_Aula2_19.10", "Exercicios_Aula2_19.10.csproj", "{FAACF2D3-54D6-4FC6-B1A9-8EE493A324A7}"
EndProject
Global
	GlobalSection(SolutionConfigurationPlatforms) = preSolution
		Debug|Any CPU = Debug|Any CPU
		Release|Any CPU = Release|Any CPU
	EndGlobalSection
	GlobalSection(ProjectConfigurationPlatforms) = postSolution
		{FAACF2D3-54D6-4FC6-B1A9-8EE493A324A7}.Debug|Any CPU.ActiveCfg = Debug|Any CPU
		{FAACF2D3-54D6-4FC6-B1A9-8EE493A324A7}.Debug|Any CPU.Build.0 = Debug|Any CPU
		{FAACF2D3-54D6-4FC6-B1A9-8EE493A324A7}.Release|Any CPU.ActiveCfg = Release|Any CPU
		{FAACF2D3-54D6-4FC6-B1A9-8EE493A324A7}.Release|Any CPU.Build.0 = Release|Any CPU
	EndGlobalSection
	GlobalSection(SolutionProperties) = preSolution
		HideSolutionNode = FALSE
	EndGlobalSection
	GlobalSection(ExtensibilityGlobals) = postSolution
		SolutionGuid = {F4872F8A-6477-4960-9F68-006AFC095130}
	EndGlobalSection
EndGlobal
