
Microsoft Visual Studio Solution File, Format Version 12.00
# Visual Studio Version 16
VisualStudioVersion = 16.0.31729.503
MinimumVisualStudioVersion = 10.0.40219.1
Project("{FAE04EC0-301F-11D3-BF4B-00C04F79EFBC}") = "HelloWorld", "HelloWorld\HelloWorld.csproj", "{4BB3A6FD-2F5F-4BF5-9B3A-A83F9A1D6E44}"
EndProject
Global
	GlobalSection(SolutionConfigurationPlatforms) = preSolution
		Debug|Any CPU = Debug|Any CPU
		Release|Any CPU = Release|Any CPU
	EndGlobalSection
	GlobalSection(ProjectConfigurationPlatforms) = postSolution
		{4BB3A6FD-2F5F-4BF5-9B3A-A83F9A1D6E44}.Debug|Any CPU.ActiveCfg = Debug|Any CPU
		{4BB3A6FD-2F5F-4BF5-9B3A-A83F9A1D6E44}.Debug|Any CPU.Build.0 = Debug|Any CPU
		{4BB3A6FD-2F5F-4BF5-9B3A-A83F9A1D6E44}.Release|Any CPU.ActiveCfg = Release|Any CPU
		{4BB3A6FD-2F5F-4BF5-9B3A-A83F9A1D6E44}.Release|Any CPU.Build.0 = Release|Any CPU
	EndGlobalSection
	GlobalSection(SolutionProperties) = preSolution
		HideSolutionNode = FALSE
	EndGlobalSection
	GlobalSection(ExtensibilityGlobals) = postSolution
		SolutionGuid = {DB7FAA29-CDF1-47C1-A55D-74E2DD126237}
	EndGlobalSection
EndGlobal
